
Microsoft Visual Studio Solution File, Format Version 11.00
# Visual Studio 2010
Project("{FAE04EC0-301F-11D3-BF4B-00C04F79EFBC}") = "FPS-AR", "Assembly-CSharp.csproj", "{F34D406C-C050-D6F4-D3BF-C6DF7B6E8EBE}"
EndProject
Project("{FAE04EC0-301F-11D3-BF4B-00C04F79EFBC}") = "FPS-AR", "Assembly-CSharp-Editor.csproj", "{8453EA1E-78DF-9CE5-B756-38C2B2104F9F}"
EndProject
Project("{FAE04EC0-301F-11D3-BF4B-00C04F79EFBC}") = "FPS-AR", "Assembly-UnityScript-Editor-firstpass.unityproj", "{33AC6600-A086-5FC2-3100-35DBE12AB03E}"
EndProject
Global
	GlobalSection(SolutionConfigurationPlatforms) = preSolution
		Debug|Any CPU = Debug|Any CPU
		Release|Any CPU = Release|Any CPU
	EndGlobalSection
	GlobalSection(ProjectConfigurationPlatforms) = postSolution
		{F34D406C-C050-D6F4-D3BF-C6DF7B6E8EBE}.Debug|Any CPU.ActiveCfg = Debug|Any CPU
		{F34D406C-C050-D6F4-D3BF-C6DF7B6E8EBE}.Debug|Any CPU.Build.0 = Debug|Any CPU
		{F34D406C-C050-D6F4-D3BF-C6DF7B6E8EBE}.Release|Any CPU.ActiveCfg = Release|Any CPU
		{F34D406C-C050-D6F4-D3BF-C6DF7B6E8EBE}.Release|Any CPU.Build.0 = Release|Any CPU
		{8453EA1E-78DF-9CE5-B756-38C2B2104F9F}.Debug|Any CPU.ActiveCfg = Debug|Any CPU
		{8453EA1E-78DF-9CE5-B756-38C2B2104F9F}.Debug|Any CPU.Build.0 = Debug|Any CPU
		{8453EA1E-78DF-9CE5-B756-38C2B2104F9F}.Release|Any CPU.ActiveCfg = Release|Any CPU
		{8453EA1E-78DF-9CE5-B756-38C2B2104F9F}.Release|Any CPU.Build.0 = Release|Any CPU
		{33AC6600-A086-5FC2-3100-35DBE12AB03E}.Debug|Any CPU.ActiveCfg = Debug|Any CPU
		{33AC6600-A086-5FC2-3100-35DBE12AB03E}.Debug|Any CPU.Build.0 = Debug|Any CPU
		{33AC6600-A086-5FC2-3100-35DBE12AB03E}.Release|Any CPU.ActiveCfg = Release|Any CPU
		{33AC6600-A086-5FC2-3100-35DBE12AB03E}.Release|Any CPU.Build.0 = Release|Any CPU
	EndGlobalSection
	GlobalSection(SolutionProperties) = preSolution
		HideSolutionNode = FALSE
	EndGlobalSection
	GlobalSection(MonoDevelopProperties) = preSolution
		StartupItem = Assembly-CSharp.csproj
	EndGlobalSection
EndGlobal
